
Microsoft Visual Studio Solution File, Format Version 12.00
# Visual Studio Version 16
VisualStudioVersion = 16.0.30413.136
MinimumVisualStudioVersion = 10.0.40219.1
Project("{FAE04EC0-301F-11D3-BF4B-00C04F79EFBC}") = "arrays_187", "arrays_187\arrays_187.csproj", "{83BD5D86-8F1C-4726-B5DA-96FC18A5F9BD}"
EndProject
Global
	GlobalSection(SolutionConfigurationPlatforms) = preSolution
		Debug|Any CPU = Debug|Any CPU
		Release|Any CPU = Release|Any CPU
	EndGlobalSection
	GlobalSection(ProjectConfigurationPlatforms) = postSolution
		{83BD5D86-8F1C-4726-B5DA-96FC18A5F9BD}.Debug|Any CPU.ActiveCfg = Debug|Any CPU
		{83BD5D86-8F1C-4726-B5DA-96FC18A5F9BD}.Debug|Any CPU.Build.0 = Debug|Any CPU
		{83BD5D86-8F1C-4726-B5DA-96FC18A5F9BD}.Release|Any CPU.ActiveCfg = Release|Any CPU
		{83BD5D86-8F1C-4726-B5DA-96FC18A5F9BD}.Release|Any CPU.Build.0 = Release|Any CPU
	EndGlobalSection
	GlobalSection(SolutionProperties) = preSolution
		HideSolutionNode = FALSE
	EndGlobalSection
	GlobalSection(ExtensibilityGlobals) = postSolution
		SolutionGuid = {72F5D745-F702-43F6-A838-969FC9F0C962}
	EndGlobalSection
EndGlobal
