
Microsoft Visual Studio Solution File, Format Version 12.00
# Visual Studio Version 16
VisualStudioVersion = 16.0.30413.136
MinimumVisualStudioVersion = 10.0.40219.1
Project("{FAE04EC0-301F-11D3-BF4B-00C04F79EFBC}") = "string_186b", "string_186b\string_186b.csproj", "{A1C09455-8CCE-4D0E-89DA-0BF26A5867B1}"
EndProject
Global
	GlobalSection(SolutionConfigurationPlatforms) = preSolution
		Debug|Any CPU = Debug|Any CPU
		Release|Any CPU = Release|Any CPU
	EndGlobalSection
	GlobalSection(ProjectConfigurationPlatforms) = postSolution
		{A1C09455-8CCE-4D0E-89DA-0BF26A5867B1}.Debug|Any CPU.ActiveCfg = Debug|Any CPU
		{A1C09455-8CCE-4D0E-89DA-0BF26A5867B1}.Debug|Any CPU.Build.0 = Debug|Any CPU
		{A1C09455-8CCE-4D0E-89DA-0BF26A5867B1}.Release|Any CPU.ActiveCfg = Release|Any CPU
		{A1C09455-8CCE-4D0E-89DA-0BF26A5867B1}.Release|Any CPU.Build.0 = Release|Any CPU
	EndGlobalSection
	GlobalSection(SolutionProperties) = preSolution
		HideSolutionNode = FALSE
	EndGlobalSection
	GlobalSection(ExtensibilityGlobals) = postSolution
		SolutionGuid = {6D7F830F-4414-49D4-A0A5-E170202EBB97}
	EndGlobalSection
EndGlobal
