
Microsoft Visual Studio Solution File, Format Version 12.00
# Visual Studio Version 16
VisualStudioVersion = 16.0.30413.136
MinimumVisualStudioVersion = 10.0.40219.1
Project("{FAE04EC0-301F-11D3-BF4B-00C04F79EFBC}") = "StringFunctions_184 video", "StringFunctions_184 video\StringFunctions_184 video.csproj", "{3777A2A6-BAF3-4CB5-9FE2-D99A9544ECB9}"
EndProject
Global
	GlobalSection(SolutionConfigurationPlatforms) = preSolution
		Debug|Any CPU = Debug|Any CPU
		Release|Any CPU = Release|Any CPU
	EndGlobalSection
	GlobalSection(ProjectConfigurationPlatforms) = postSolution
		{3777A2A6-BAF3-4CB5-9FE2-D99A9544ECB9}.Debug|Any CPU.ActiveCfg = Debug|Any CPU
		{3777A2A6-BAF3-4CB5-9FE2-D99A9544ECB9}.Debug|Any CPU.Build.0 = Debug|Any CPU
		{3777A2A6-BAF3-4CB5-9FE2-D99A9544ECB9}.Release|Any CPU.ActiveCfg = Release|Any CPU
		{3777A2A6-BAF3-4CB5-9FE2-D99A9544ECB9}.Release|Any CPU.Build.0 = Release|Any CPU
	EndGlobalSection
	GlobalSection(SolutionProperties) = preSolution
		HideSolutionNode = FALSE
	EndGlobalSection
	GlobalSection(ExtensibilityGlobals) = postSolution
		SolutionGuid = {ED2E2BC4-D676-4AC3-ADD7-EF45D04CFB1B}
	EndGlobalSection
EndGlobal
